
Microsoft Visual Studio Solution File, Format Version 12.00
# Visual Studio Version 16
VisualStudioVersion = 16.0.30907.101
MinimumVisualStudioVersion = 10.0.40219.1
Project("{FAE04EC0-301F-11D3-BF4B-00C04F79EFBC}") = "Calculadora", "Calculadora\Calculadora.csproj", "{0586AB2A-98A8-471D-8701-9325A6503897}"
EndProject
Global
	GlobalSection(SolutionConfigurationPlatforms) = preSolution
		Debug|Any CPU = Debug|Any CPU
		Release|Any CPU = Release|Any CPU
	EndGlobalSection
	GlobalSection(ProjectConfigurationPlatforms) = postSolution
		{0586AB2A-98A8-471D-8701-9325A6503897}.Debug|Any CPU.ActiveCfg = Debug|Any CPU
		{0586AB2A-98A8-471D-8701-9325A6503897}.Debug|Any CPU.Build.0 = Debug|Any CPU
		{0586AB2A-98A8-471D-8701-9325A6503897}.Release|Any CPU.ActiveCfg = Release|Any CPU
		{0586AB2A-98A8-471D-8701-9325A6503897}.Release|Any CPU.Build.0 = Release|Any CPU
	EndGlobalSection
	GlobalSection(SolutionProperties) = preSolution
		HideSolutionNode = FALSE
	EndGlobalSection
	GlobalSection(ExtensibilityGlobals) = postSolution
		SolutionGuid = {33209726-BC14-49E9-8E0F-F42E7D9C50F9}
	EndGlobalSection
EndGlobal
